# This file is autogenerated, do not edit; changes may be undone by the next 'dep ensure'.


[[projects]]
  branch = "master"
  name = "github.com/goamz/goamz"
  packages = ["aws","s3"]
  revision = "386f7c89320367132e0a3ad9b7fd31cdcf26abc6"

[[projects]]
  branch = "master"
  name = "github.com/vaughan0/go-ini"
  packages = ["."]
  revision = "a98ad7ee00ec53921f08832bc06ecf7fd600e6a1"

[solve-meta]
  analyzer-name = "dep"
  analyzer-version = 1
  inputs-digest = "33544aae99c52b1bf79d166278797bc7119c14e9ca62278d6f63dee7da5523c8"
  solver-name = "gps-cdcl"
  solver-version = 1
